
Microsoft Visual Studio Solution File, Format Version 12.00
# Visual Studio Version 17
VisualStudioVersion = 17.8.34525.116
MinimumVisualStudioVersion = 10.0.40219.1
Project("{2150E333-8FDC-42A3-9474-1A3956D46DE8}") = "src", "src", "{D4201557-5AF4-4CF1-A0D7-72667BD80C8F}"
EndProject
Project("{2150E333-8FDC-42A3-9474-1A3956D46DE8}") = "tests", "tests", "{38AB495F-A556-4204-9C10-B7C91173DE7C}"
EndProject
Project("{FAE04EC0-301F-11D3-BF4B-00C04F79EFBC}") = "WebApplication1", "src\WebApplication1\WebApplication1.csproj", "{1EECAC6F-965A-4350-8B8B-5DB123A1D671}"
EndProject
Global
	GlobalSection(SolutionConfigurationPlatforms) = preSolution
		Debug|Any CPU = Debug|Any CPU
		Release|Any CPU = Release|Any CPU
	EndGlobalSection
	GlobalSection(ProjectConfigurationPlatforms) = postSolution
		{1EECAC6F-965A-4350-8B8B-5DB123A1D671}.Debug|Any CPU.ActiveCfg = Debug|Any CPU
		{1EECAC6F-965A-4350-8B8B-5DB123A1D671}.Debug|Any CPU.Build.0 = Debug|Any CPU
		{1EECAC6F-965A-4350-8B8B-5DB123A1D671}.Release|Any CPU.ActiveCfg = Release|Any CPU
		{1EECAC6F-965A-4350-8B8B-5DB123A1D671}.Release|Any CPU.Build.0 = Release|Any CPU
	EndGlobalSection
	GlobalSection(SolutionProperties) = preSolution
		HideSolutionNode = FALSE
	EndGlobalSection
	GlobalSection(NestedProjects) = preSolution
		{1EECAC6F-965A-4350-8B8B-5DB123A1D671} = {D4201557-5AF4-4CF1-A0D7-72667BD80C8F}
	EndGlobalSection
	GlobalSection(ExtensibilityGlobals) = postSolution
		SolutionGuid = {D5BD02C7-276C-4973-99E5-72370B31242E}
	EndGlobalSection
EndGlobal
